
Microsoft Visual Studio Solution File, Format Version 12.00
# Visual Studio Version 18
VisualStudioVersion = 18.6.11709.129 insiders
MinimumVisualStudioVersion = 10.0.40219.1
Project("{2150E333-8FDC-42A3-9474-1A3956D46DE8}") = "src", "src", "{02EA681E-C7D8-13C7-8484-4AC65E1B71E8}"
EndProject
Project("{FAE04EC0-301F-11D3-BF4B-00C04F79EFBC}") = "StockApp.Api", "src\StockApp.Api\StockApp.Api.csproj", "{CF9264CA-CFBD-44C7-9D23-0853A0366200}"
EndProject
Project("{FAE04EC0-301F-11D3-BF4B-00C04F79EFBC}") = "StockApp.Domain", "src\StockApp.Domain\StockApp.Domain.csproj", "{E83A9C1E-1297-4581-839E-1DD8F4785CD5}"
EndProject
Project("{FAE04EC0-301F-11D3-BF4B-00C04F79EFBC}") = "StockApp.Shared", "src\StockApp.Shared\StockApp.Shared.csproj", "{52C87905-1A59-46EC-9733-23080018CEAD}"
EndProject
Project("{FAE04EC0-301F-11D3-BF4B-00C04F79EFBC}") = "StockApp.Infrastructure", "src\StockApp.Infrastructure\StockApp.Infrastructure.csproj", "{426CD8C9-DBD5-4F42-B254-47E340D45793}"
EndProject
Project("{FAE04EC0-301F-11D3-BF4B-00C04F79EFBC}") = "StockApp.Application", "src\StockApp.Application\StockApp.Application.csproj", "{864C21D8-1FEA-4D4A-8B3A-4000DFC88B10}"
EndProject
Global
	GlobalSection(SolutionConfigurationPlatforms) = preSolution
		Debug|Any CPU = Debug|Any CPU
		Release|Any CPU = Release|Any CPU
	EndGlobalSection
	GlobalSection(ProjectConfigurationPlatforms) = postSolution
		{CF9264CA-CFBD-44C7-9D23-0853A0366200}.Debug|Any CPU.ActiveCfg = Debug|Any CPU
		{CF9264CA-CFBD-44C7-9D23-0853A0366200}.Debug|Any CPU.Build.0 = Debug|Any CPU
		{CF9264CA-CFBD-44C7-9D23-0853A0366200}.Release|Any CPU.ActiveCfg = Release|Any CPU
		{CF9264CA-CFBD-44C7-9D23-0853A0366200}.Release|Any CPU.Build.0 = Release|Any CPU
		{E83A9C1E-1297-4581-839E-1DD8F4785CD5}.Debug|Any CPU.ActiveCfg = Debug|Any CPU
		{E83A9C1E-1297-4581-839E-1DD8F4785CD5}.Debug|Any CPU.Build.0 = Debug|Any CPU
		{E83A9C1E-1297-4581-839E-1DD8F4785CD5}.Release|Any CPU.ActiveCfg = Release|Any CPU
		{E83A9C1E-1297-4581-839E-1DD8F4785CD5}.Release|Any CPU.Build.0 = Release|Any CPU
		{52C87905-1A59-46EC-9733-23080018CEAD}.Debug|Any CPU.ActiveCfg = Debug|Any CPU
		{52C87905-1A59-46EC-9733-23080018CEAD}.Debug|Any CPU.Build.0 = Debug|Any CPU
		{52C87905-1A59-46EC-9733-23080018CEAD}.Release|Any CPU.ActiveCfg = Release|Any CPU
		{52C87905-1A59-46EC-9733-23080018CEAD}.Release|Any CPU.Build.0 = Release|Any CPU
		{426CD8C9-DBD5-4F42-B254-47E340D45793}.Debug|Any CPU.ActiveCfg = Debug|Any CPU
		{426CD8C9-DBD5-4F42-B254-47E340D45793}.Debug|Any CPU.Build.0 = Debug|Any CPU
		{426CD8C9-DBD5-4F42-B254-47E340D45793}.Release|Any CPU.ActiveCfg = Release|Any CPU
		{426CD8C9-DBD5-4F42-B254-47E340D45793}.Release|Any CPU.Build.0 = Release|Any CPU
		{864C21D8-1FEA-4D4A-8B3A-4000DFC88B10}.Debug|Any CPU.ActiveCfg = Debug|Any CPU
		{864C21D8-1FEA-4D4A-8B3A-4000DFC88B10}.Debug|Any CPU.Build.0 = Debug|Any CPU
		{864C21D8-1FEA-4D4A-8B3A-4000DFC88B10}.Release|Any CPU.ActiveCfg = Release|Any CPU
		{864C21D8-1FEA-4D4A-8B3A-4000DFC88B10}.Release|Any CPU.Build.0 = Release|Any CPU
	EndGlobalSection
	GlobalSection(SolutionProperties) = preSolution
		HideSolutionNode = FALSE
	EndGlobalSection
	GlobalSection(NestedProjects) = preSolution
		{CF9264CA-CFBD-44C7-9D23-0853A0366200} = {02EA681E-C7D8-13C7-8484-4AC65E1B71E8}
		{E83A9C1E-1297-4581-839E-1DD8F4785CD5} = {02EA681E-C7D8-13C7-8484-4AC65E1B71E8}
		{52C87905-1A59-46EC-9733-23080018CEAD} = {02EA681E-C7D8-13C7-8484-4AC65E1B71E8}
		{426CD8C9-DBD5-4F42-B254-47E340D45793} = {02EA681E-C7D8-13C7-8484-4AC65E1B71E8}
		{864C21D8-1FEA-4D4A-8B3A-4000DFC88B10} = {02EA681E-C7D8-13C7-8484-4AC65E1B71E8}
	EndGlobalSection
	GlobalSection(ExtensibilityGlobals) = postSolution
		SolutionGuid = {E392B8E3-3C71-4805-8698-EF193CBA7B4F}
	EndGlobalSection
EndGlobal
